
Microsoft Visual Studio Solution File, Format Version 12.00
Project("{2150E333-8FDC-42A3-9474-1A3956D46DE8}") = "CleanArch.Application", "CleanArch.Application", "{3E907859-7958-4D8A-9D20-D33E27E1DBE1}"
EndProject
Project("{2150E333-8FDC-42A3-9474-1A3956D46DE8}") = "CleanArch.Domain", "CleanArch.Domain", "{F0449207-FBC9-4344-ACD7-E258BEC4F0DF}"
EndProject
Project("{2150E333-8FDC-42A3-9474-1A3956D46DE8}") = "CleanArch.Infra.IoC", "CleanArch.Infra.IoC", "{C9F60FE4-A2D2-4D6B-B1E3-0F230904489A}"
EndProject
Project("{2150E333-8FDC-42A3-9474-1A3956D46DE8}") = "CleanArch.Infra.Data", "CleanArch.Infra.Data", "{6B56FF0D-2B87-4210-98BE-8CF9695544D7}"
EndProject
Project("{2150E333-8FDC-42A3-9474-1A3956D46DE8}") = "CleanArch.UI.Mvc", "CleanArch.UI.Mvc", "{6CC7690D-EF33-4D47-AD91-D2B244A08307}"
EndProject
Project("{FAE04EC0-301F-11D3-BF4B-00C04F79EFBC}") = "CleanArch.Mvc", "CleanArch.Mvc\CleanArch.Mvc.csproj", "{231F6A13-4F24-4FA9-8B48-4EDC39FF8B62}"
EndProject
Global
	GlobalSection(SolutionConfigurationPlatforms) = preSolution
		Debug|Any CPU = Debug|Any CPU
		Release|Any CPU = Release|Any CPU
	EndGlobalSection
	GlobalSection(NestedProjects) = preSolution
		{231F6A13-4F24-4FA9-8B48-4EDC39FF8B62} = {6CC7690D-EF33-4D47-AD91-D2B244A08307}
	EndGlobalSection
	GlobalSection(ProjectConfigurationPlatforms) = postSolution
		{231F6A13-4F24-4FA9-8B48-4EDC39FF8B62}.Debug|Any CPU.ActiveCfg = Debug|Any CPU
		{231F6A13-4F24-4FA9-8B48-4EDC39FF8B62}.Debug|Any CPU.Build.0 = Debug|Any CPU
		{231F6A13-4F24-4FA9-8B48-4EDC39FF8B62}.Release|Any CPU.ActiveCfg = Release|Any CPU
		{231F6A13-4F24-4FA9-8B48-4EDC39FF8B62}.Release|Any CPU.Build.0 = Release|Any CPU
	EndGlobalSection
EndGlobal
